
Microsoft Visual Studio Solution File, Format Version 12.00
# Visual Studio 15
VisualStudioVersion = 15.0.27004.2006
MinimumVisualStudioVersion = 10.0.40219.1
Project("{FAE04EC0-301F-11D3-BF4B-00C04F79EFBC}") = "WebApi", "WebApi\WebApi.csproj", "{75B04788-AE57-4A2D-93D4-7278C367EF58}"
EndProject
Project("{FAE04EC0-301F-11D3-BF4B-00C04F79EFBC}") = "WebUi", "WebUi\WebUi.csproj", "{73D999B4-6A26-44A4-97AE-CFECBF5302D8}"
EndProject
Global
	GlobalSection(SolutionConfigurationPlatforms) = preSolution
		Debug|Any CPU = Debug|Any CPU
		Release|Any CPU = Release|Any CPU
	EndGlobalSection
	GlobalSection(ProjectConfigurationPlatforms) = postSolution
		{75B04788-AE57-4A2D-93D4-7278C367EF58}.Debug|Any CPU.ActiveCfg = Debug|Any CPU
		{75B04788-AE57-4A2D-93D4-7278C367EF58}.Debug|Any CPU.Build.0 = Debug|Any CPU
		{75B04788-AE57-4A2D-93D4-7278C367EF58}.Release|Any CPU.ActiveCfg = Release|Any CPU
		{75B04788-AE57-4A2D-93D4-7278C367EF58}.Release|Any CPU.Build.0 = Release|Any CPU
		{73D999B4-6A26-44A4-97AE-CFECBF5302D8}.Debug|Any CPU.ActiveCfg = Debug|Any CPU
		{73D999B4-6A26-44A4-97AE-CFECBF5302D8}.Debug|Any CPU.Build.0 = Debug|Any CPU
		{73D999B4-6A26-44A4-97AE-CFECBF5302D8}.Release|Any CPU.ActiveCfg = Release|Any CPU
		{73D999B4-6A26-44A4-97AE-CFECBF5302D8}.Release|Any CPU.Build.0 = Release|Any CPU
	EndGlobalSection
	GlobalSection(SolutionProperties) = preSolution
		HideSolutionNode = FALSE
	EndGlobalSection
	GlobalSection(ExtensibilityGlobals) = postSolution
		SolutionGuid = {C251FB6A-3AE3-4A9D-8871-C1A71BA81481}
	EndGlobalSection
EndGlobal
